
Microsoft Visual Studio Solution File, Format Version 12.00
# Visual Studio 2015
Project("{FAE04EC0-301F-11D3-BF4B-00C04F79EFBC}") = "DogTective.CSharp.Plugins", "DogTective.CSharp.Plugins.csproj", "{2892D232-280F-85E8-E705-36DE80363AA8}"
EndProject
Project("{FAE04EC0-301F-11D3-BF4B-00C04F79EFBC}") = "DogTective.CSharp", "DogTective.CSharp.csproj", "{02CBFEA2-F9CE-BA85-DE1D-7D0903B622D1}"
EndProject
Global
	GlobalSection(SolutionConfigurationPlatforms) = preSolution
		Debug|Any CPU = Debug|Any CPU
		Release|Any CPU = Release|Any CPU
	EndGlobalSection
	GlobalSection(ProjectConfigurationPlatforms) = postSolution
		{2892D232-280F-85E8-E705-36DE80363AA8}.Debug|Any CPU.ActiveCfg = Debug|Any CPU
		{2892D232-280F-85E8-E705-36DE80363AA8}.Debug|Any CPU.Build.0 = Debug|Any CPU
		{2892D232-280F-85E8-E705-36DE80363AA8}.Release|Any CPU.ActiveCfg = Release|Any CPU
		{2892D232-280F-85E8-E705-36DE80363AA8}.Release|Any CPU.Build.0 = Release|Any CPU
		{02CBFEA2-F9CE-BA85-DE1D-7D0903B622D1}.Debug|Any CPU.ActiveCfg = Debug|Any CPU
		{02CBFEA2-F9CE-BA85-DE1D-7D0903B622D1}.Debug|Any CPU.Build.0 = Debug|Any CPU
		{02CBFEA2-F9CE-BA85-DE1D-7D0903B622D1}.Release|Any CPU.ActiveCfg = Release|Any CPU
		{02CBFEA2-F9CE-BA85-DE1D-7D0903B622D1}.Release|Any CPU.Build.0 = Release|Any CPU
	EndGlobalSection
	GlobalSection(SolutionProperties) = preSolution
		HideSolutionNode = FALSE
	EndGlobalSection
EndGlobal
